
Microsoft Visual Studio Solution File, Format Version 12.00
# Visual Studio 15
VisualStudioVersion = 15.0.27130.2027
MinimumVisualStudioVersion = 10.0.40219.1
Project("{00D1A9C2-B5F0-4AF3-8072-F6C62B433612}") = "ContactsDB", "ContactsDB\ContactsDB.sqlproj", "{3CA1EF7C-4F7D-493A-97DD-28D855B11C9D}"
EndProject
Project("{FAE04EC0-301F-11D3-BF4B-00C04F79EFBC}") = "ContactsWebApp", "ContactsWebApp\ContactsWebApp.csproj", "{D3484869-8445-4ADC-947C-FE98074C3DF5}"
EndProject
Project("{FAE04EC0-301F-11D3-BF4B-00C04F79EFBC}") = "ContactsDAL", "ContactsDAL\ContactsDAL.csproj", "{E59510F5-B27C-42D0-985C-AFE89B6CBE2E}"
EndProject
Project("{FAE04EC0-301F-11D3-BF4B-00C04F79EFBC}") = "CIM", "CIM\CIM.csproj", "{8EDF9780-6DC3-404C-8501-5755CDB7D9E1}"
EndProject
Project("{FAE04EC0-301F-11D3-BF4B-00C04F79EFBC}") = "Cim1", "Cim1\Cim1.csproj", "{19281481-742F-4A05-9BAF-A57C211BA69C}"
EndProject
Global
	GlobalSection(SolutionConfigurationPlatforms) = preSolution
		Debug|Any CPU = Debug|Any CPU
		Release|Any CPU = Release|Any CPU
	EndGlobalSection
	GlobalSection(ProjectConfigurationPlatforms) = postSolution
		{3CA1EF7C-4F7D-493A-97DD-28D855B11C9D}.Debug|Any CPU.ActiveCfg = Debug|Any CPU
		{3CA1EF7C-4F7D-493A-97DD-28D855B11C9D}.Debug|Any CPU.Build.0 = Debug|Any CPU
		{3CA1EF7C-4F7D-493A-97DD-28D855B11C9D}.Debug|Any CPU.Deploy.0 = Debug|Any CPU
		{3CA1EF7C-4F7D-493A-97DD-28D855B11C9D}.Release|Any CPU.ActiveCfg = Release|Any CPU
		{3CA1EF7C-4F7D-493A-97DD-28D855B11C9D}.Release|Any CPU.Build.0 = Release|Any CPU
		{3CA1EF7C-4F7D-493A-97DD-28D855B11C9D}.Release|Any CPU.Deploy.0 = Release|Any CPU
		{D3484869-8445-4ADC-947C-FE98074C3DF5}.Debug|Any CPU.ActiveCfg = Debug|Any CPU
		{D3484869-8445-4ADC-947C-FE98074C3DF5}.Debug|Any CPU.Build.0 = Debug|Any CPU
		{D3484869-8445-4ADC-947C-FE98074C3DF5}.Release|Any CPU.ActiveCfg = Release|Any CPU
		{D3484869-8445-4ADC-947C-FE98074C3DF5}.Release|Any CPU.Build.0 = Release|Any CPU
		{E59510F5-B27C-42D0-985C-AFE89B6CBE2E}.Debug|Any CPU.ActiveCfg = Debug|Any CPU
		{E59510F5-B27C-42D0-985C-AFE89B6CBE2E}.Debug|Any CPU.Build.0 = Debug|Any CPU
		{E59510F5-B27C-42D0-985C-AFE89B6CBE2E}.Release|Any CPU.ActiveCfg = Release|Any CPU
		{E59510F5-B27C-42D0-985C-AFE89B6CBE2E}.Release|Any CPU.Build.0 = Release|Any CPU
		{8EDF9780-6DC3-404C-8501-5755CDB7D9E1}.Debug|Any CPU.ActiveCfg = Debug|Any CPU
		{8EDF9780-6DC3-404C-8501-5755CDB7D9E1}.Debug|Any CPU.Build.0 = Debug|Any CPU
		{8EDF9780-6DC3-404C-8501-5755CDB7D9E1}.Release|Any CPU.ActiveCfg = Release|Any CPU
		{8EDF9780-6DC3-404C-8501-5755CDB7D9E1}.Release|Any CPU.Build.0 = Release|Any CPU
		{19281481-742F-4A05-9BAF-A57C211BA69C}.Debug|Any CPU.ActiveCfg = Debug|Any CPU
		{19281481-742F-4A05-9BAF-A57C211BA69C}.Debug|Any CPU.Build.0 = Debug|Any CPU
		{19281481-742F-4A05-9BAF-A57C211BA69C}.Release|Any CPU.ActiveCfg = Release|Any CPU
		{19281481-742F-4A05-9BAF-A57C211BA69C}.Release|Any CPU.Build.0 = Release|Any CPU
		{C5716E0D-25D0-4044-ADBE-EA3577D60F1D}.Debug|Any CPU.ActiveCfg = Debug|Any CPU
		{C5716E0D-25D0-4044-ADBE-EA3577D60F1D}.Debug|Any CPU.Build.0 = Debug|Any CPU
		{C5716E0D-25D0-4044-ADBE-EA3577D60F1D}.Release|Any CPU.ActiveCfg = Release|Any CPU
		{C5716E0D-25D0-4044-ADBE-EA3577D60F1D}.Release|Any CPU.Build.0 = Release|Any CPU
	EndGlobalSection
	GlobalSection(SolutionProperties) = preSolution
		HideSolutionNode = FALSE
	EndGlobalSection
	GlobalSection(ExtensibilityGlobals) = postSolution
		SolutionGuid = {5D56C308-E37A-4E18-97F5-4A49F8F9A002}
	EndGlobalSection
EndGlobal
